// !$*UTF8*$!
{
	archiveVersion = 1;
	classes = {
	};
	objectVersion = 46;
	objects = {

/* Begin PBXBuildFile section */
		0CABAFB91EF3AC7F0091B659 /* Network.m in Sources */ = {isa = PBXBuildFile; fileRef = 0CABAFB81EF3AC7F0091B659 /* Network.m */; };
		0CABAFBD1EF3AD700091B659 /* Test.json in Resources */ = {isa = PBXBuildFile; fileRef = 0CABAFBC1EF3AD700091B659 /* Test.json */; };
		4BE4D6751D1E296300CC4624 /* main.m in Sources */ = {isa = PBXBuildFile; fileRef = 4BE4D6741D1E296300CC4624 /* main.m */; };
		4BE4D6781D1E296300CC4624 /* AppDelegate.m in Sources */ = {isa = PBXBuildFile; fileRef = 4BE4D6771D1E296300CC4624 /* AppDelegate.m */; };
		4BE4D67A1D1E296300CC4624 /* Assets.xcassets in Resources */ = {isa = PBXBuildFile; fileRef = 4BE4D6791D1E296300CC4624 /* Assets.xcassets */; };
		4BE4D67D1D1E296300CC4624 /* LaunchScreen.storyboard in Resources */ = {isa = PBXBuildFile; fileRef = 4BE4D67B1D1E296300CC4624 /* LaunchScreen.storyboard */; };
		4BE4D68A1D1E2BCF00CC4624 /* ViewController.m in Sources */ = {isa = PBXBuildFile; fileRef = 4BE4D6891D1E2BCF00CC4624 /* ViewController.m */; };
		4BE4D6C31D1E31B900CC4624 /* ViewController.xib in Resources */ = {isa = PBXBuildFile; fileRef = 4BE4D6C21D1E31B900CC4624 /* ViewController.xib */; };
		6023A91D1FB53F7100712C1B /* XHNetworkCache.m in Sources */ = {isa = PBXBuildFile; fileRef = 6023A91C1FB53F7100712C1B /* XHNetworkCache.m */; };
/* End PBXBuildFile section */

/* Begin PBXFileReference section */
		0CABAFB71EF3AC7F0091B659 /* Network.h */ = {isa = PBXFileReference; fileEncoding = 4; lastKnownFileType = sourcecode.c.h; path = Network.h; sourceTree = "<group>"; };
		0CABAFB81EF3AC7F0091B659 /* Network.m */ = {isa = PBXFileReference; fileEncoding = 4; lastKnownFileType = sourcecode.c.objc; path = Network.m; sourceTree = "<group>"; };
		0CABAFBC1EF3AD700091B659 /* Test.json */ = {isa = PBXFileReference; fileEncoding = 4; lastKnownFileType = text.json; path = Test.json; sourceTree = "<group>"; };
		4BE4D6701D1E296300CC4624 /* XHNetworkCacheExample.app */ = {isa = PBXFileReference; explicitFileType = wrapper.application; includeInIndex = 0; path = XHNetworkCacheExample.app; sourceTree = BUILT_PRODUCTS_DIR; };
		4BE4D6741D1E296300CC4624 /* main.m */ = {isa = PBXFileReference; lastKnownFileType = sourcecode.c.objc; path = main.m; sourceTree = "<group>"; };
		4BE4D6761D1E296300CC4624 /* AppDelegate.h */ = {isa = PBXFileReference; lastKnownFileType = sourcecode.c.h; path = AppDelegate.h; sourceTree = "<group>"; };
		4BE4D6771D1E296300CC4624 /* AppDelegate.m */ = {isa = PBXFileReference; lastKnownFileType = sourcecode.c.objc; path = AppDelegate.m; sourceTree = "<group>"; };
		4BE4D6791D1E296300CC4624 /* Assets.xcassets */ = {isa = PBXFileReference; lastKnownFileType = folder.assetcatalog; path = Assets.xcassets; sourceTree = "<group>"; };
		4BE4D67C1D1E296300CC4624 /* Base */ = {isa = PBXFileReference; lastKnownFileType = file.storyboard; name = Base; path = Base.lproj/LaunchScreen.storyboard; sourceTree = "<group>"; };
		4BE4D67E1D1E296300CC4624 /* Info.plist */ = {isa = PBXFileReference; lastKnownFileType = text.plist.xml; path = Info.plist; sourceTree = "<group>"; };
		4BE4D6881D1E2BCF00CC4624 /* ViewController.h */ = {isa = PBXFileReference; fileEncoding = 4; lastKnownFileType = sourcecode.c.h; path = ViewController.h; sourceTree = "<group>"; };
		4BE4D6891D1E2BCF00CC4624 /* ViewController.m */ = {isa = PBXFileReference; fileEncoding = 4; lastKnownFileType = sourcecode.c.objc; path = ViewController.m; sourceTree = "<group>"; };
		4BE4D6C21D1E31B900CC4624 /* ViewController.xib */ = {isa = PBXFileReference; fileEncoding = 4; lastKnownFileType = file.xib; path = ViewController.xib; sourceTree = "<group>"; };
		6023A91B1FB53F7100712C1B /* XHNetworkCache.h */ = {isa = PBXFileReference; fileEncoding = 4; lastKnownFileType = sourcecode.c.h; path = XHNetworkCache.h; sourceTree = "<group>"; };
		6023A91C1FB53F7100712C1B /* XHNetworkCache.m */ = {isa = PBXFileReference; fileEncoding = 4; lastKnownFileType = sourcecode.c.objc; path = XHNetworkCache.m; sourceTree = "<group>"; };
/* End PBXFileReference section */

/* Begin PBXFrameworksBuildPhase section */
		4BE4D66D1D1E296300CC4624 /* Frameworks */ = {
			isa = PBXFrameworksBuildPhase;
			buildActionMask = 2147483647;
			files = (
			);
			runOnlyForDeploymentPostprocessing = 0;
		};
/* End PBXFrameworksBuildPhase section */

/* Begin PBXGroup section */
		0CABAFB61EF3AC7F0091B659 /* Network */ = {
			isa = PBXGroup;
			children = (
				0CABAFBC1EF3AD700091B659 /* Test.json */,
				0CABAFB71EF3AC7F0091B659 /* Network.h */,
				0CABAFB81EF3AC7F0091B659 /* Network.m */,
			);
			path = Network;
			sourceTree = "<group>";
		};
		4BE4D6671D1E296300CC4624 = {
			isa = PBXGroup;
			children = (
				4BE4D6721D1E296300CC4624 /* XHNetworkCacheExample */,
				6023A91A1FB53F7100712C1B /* XHNetworkCache */,
				4BE4D6711D1E296300CC4624 /* Products */,
			);
			sourceTree = "<group>";
		};
		4BE4D6711D1E296300CC4624 /* Products */ = {
			isa = PBXGroup;
			children = (
				4BE4D6701D1E296300CC4624 /* XHNetworkCacheExample.app */,
			);
			name = Products;
			sourceTree = "<group>";
		};
		4BE4D6721D1E296300CC4624 /* XHNetworkCacheExample */ = {
			isa = PBXGroup;
			children = (
				0CABAFB61EF3AC7F0091B659 /* Network */,
				4BE4D6761D1E296300CC4624 /* AppDelegate.h */,
				4BE4D6771D1E296300CC4624 /* AppDelegate.m */,
				4BE4D6881D1E2BCF00CC4624 /* ViewController.h */,
				4BE4D6891D1E2BCF00CC4624 /* ViewController.m */,
				4BE4D6C21D1E31B900CC4624 /* ViewController.xib */,
				4BE4D6791D1E296300CC4624 /* Assets.xcassets */,
				4BE4D67B1D1E296300CC4624 /* LaunchScreen.storyboard */,
				4BE4D67E1D1E296300CC4624 /* Info.plist */,
				4BE4D6731D1E296300CC4624 /* Supporting Files */,
			);
			path = XHNetworkCacheExample;
			sourceTree = "<group>";
		};
		4BE4D6731D1E296300CC4624 /* Supporting Files */ = {
			isa = PBXGroup;
			children = (
				4BE4D6741D1E296300CC4624 /* main.m */,
			);
			name = "Supporting Files";
			sourceTree = "<group>";
		};
		6023A91A1FB53F7100712C1B /* XHNetworkCache */ = {
			isa = PBXGroup;
			children = (
				6023A91B1FB53F7100712C1B /* XHNetworkCache.h */,
				6023A91C1FB53F7100712C1B /* XHNetworkCache.m */,
			);
			name = XHNetworkCache;
			path = ../XHNetworkCache;
			sourceTree = "<group>";
		};
/* End PBXGroup section */

/* Begin PBXNativeTarget section */
		4BE4D66F1D1E296300CC4624 /* XHNetworkCacheExample */ = {
			isa = PBXNativeTarget;
			buildConfigurationList = 4BE4D6811D1E296300CC4624 /* Build configuration list for PBXNativeTarget "XHNetworkCacheExample" */;
			buildPhases = (
				4BE4D66C1D1E296300CC4624 /* Sources */,
				4BE4D66D1D1E296300CC4624 /* Frameworks */,
				4BE4D66E1D1E296300CC4624 /* Resources */,
			);
			buildRules = (
			);
			dependencies = (
			);
			name = XHNetworkCacheExample;
			productName = XHNetworkCacheExample;
			productReference = 4BE4D6701D1E296300CC4624 /* XHNetworkCacheExample.app */;
			productType = "com.apple.product-type.application";
		};
/* End PBXNativeTarget section */

/* Begin PBXProject section */
		4BE4D6681D1E296300CC4624 /* Project object */ = {
			isa = PBXProject;
			attributes = {
				LastUpgradeCheck = 0730;
				ORGANIZATIONNAME = qiantou;
				TargetAttributes = {
					4BE4D66F1D1E296300CC4624 = {
						CreatedOnToolsVersion = 7.3.1;
						DevelopmentTeam = 8X3PW6P5H6;
					};
				};
			};
			buildConfigurationList = 4BE4D66B1D1E296300CC4624 /* Build configuration list for PBXProject "XHNetworkCacheExample" */;
			compatibilityVersion = "Xcode 3.2";
			developmentRegion = English;
			hasScannedForEncodings = 0;
			knownRegions = (
				English,
				en,
				Base,
			);
			mainGroup = 4BE4D6671D1E296300CC4624;
			productRefGroup = 4BE4D6711D1E296300CC4624 /* Products */;
			projectDirPath = "";
			projectRoot = "";
			targets = (
				4BE4D66F1D1E296300CC4624 /* XHNetworkCacheExample */,
			);
		};
/* End PBXProject section */

/* Begin PBXResourcesBuildPhase section */
		4BE4D66E1D1E296300CC4624 /* Resources */ = {
			isa = PBXResourcesBuildPhase;
			buildActionMask = 2147483647;
			files = (
				0CABAFBD1EF3AD700091B659 /* Test.json in Resources */,
				4BE4D67A1D1E296300CC4624 /* Assets.xcassets in Resources */,
				4BE4D6C31D1E31B900CC4624 /* ViewController.xib in Resources */,
				4BE4D67D1D1E296300CC4624 /* LaunchScreen.storyboard in Resources */,
			);
			runOnlyForDeploymentPostprocessing = 0;
		};
/* End PBXResourcesBuildPhase section */

/* Begin PBXSourcesBuildPhase section */
		4BE4D66C1D1E296300CC4624 /* Sources */ = {
			isa = PBXSourcesBuildPhase;
			buildActionMask = 2147483647;
			files = (
				4BE4D6781D1E296300CC4624 /* AppDelegate.m in Sources */,
				0CABAFB91EF3AC7F0091B659 /* Network.m in Sources */,
				6023A91D1FB53F7100712C1B /* XHNetworkCache.m in Sources */,
				4BE4D68A1D1E2BCF00CC4624 /* ViewController.m in Sources */,
				4BE4D6751D1E296300CC4624 /* main.m in Sources */,
			);
			runOnlyForDeploymentPostprocessing = 0;
		};
/* End PBXSourcesBuildPhase section */

/* Begin PBXVariantGroup section */
		4BE4D67B1D1E296300CC4624 /* LaunchScreen.storyboard */ = {
			isa = PBXVariantGroup;
			children = (
				4BE4D67C1D1E296300CC4624 /* Base */,
			);
			name = LaunchScreen.storyboard;
			sourceTree = "<group>";
		};
/* End PBXVariantGroup section */

/* Begin XCBuildConfiguration section */
		4BE4D67F1D1E296300CC4624 /* Debug */ = {
			isa = XCBuildConfiguration;
			buildSettings = {
				ALWAYS_SEARCH_USER_PATHS = NO;
				CLANG_ANALYZER_NONNULL = YES;
				CLANG_CXX_LANGUAGE_STANDARD = "gnu++0x";
				CLANG_CXX_LIBRARY = "libc++";
				CLANG_ENABLE_MODULES = YES;
				CLANG_ENABLE_OBJC_ARC = YES;
				CLANG_WARN_BOOL_CONVERSION = YES;
				CLANG_WARN_CONSTANT_CONVERSION = YES;
				CLANG_WARN_DIRECT_OBJC_ISA_USAGE = YES_ERROR;
				CLANG_WARN_EMPTY_BODY = YES;
				CLANG_WARN_ENUM_CONVERSION = YES;
				CLANG_WARN_INT_CONVERSION = YES;
				CLANG_WARN_OBJC_ROOT_CLASS = YES_ERROR;
				CLANG_WARN_UNREACHABLE_CODE = YES;
				CLANG_WARN__DUPLICATE_METHOD_MATCH = YES;
				"CODE_SIGN_IDENTITY[sdk=iphoneos*]" = "iPhone Developer";
				COPY_PHASE_STRIP = NO;
				DEBUG_INFORMATION_FORMAT = dwarf;
				ENABLE_STRICT_OBJC_MSGSEND = YES;
				ENABLE_TESTABILITY = YES;
				GCC_C_LANGUAGE_STANDARD = gnu99;
				GCC_DYNAMIC_NO_PIC = NO;
				GCC_NO_COMMON_BLOCKS = YES;
				GCC_OPTIMIZATION_LEVEL = 0;
				GCC_PREPROCESSOR_DEFINITIONS = (
					"DEBUG=1",
					"$(inherited)",
				);
				GCC_WARN_64_TO_32_BIT_CONVERSION = YES;
				GCC_WARN_ABOUT_RETURN_TYPE = YES_ERROR;
				GCC_WARN_UNDECLARED_SELECTOR = YES;
				GCC_WARN_UNINITIALIZED_AUTOS = YES_AGGRESSIVE;
				GCC_WARN_UNUSED_FUNCTION = YES;
				GCC_WARN_UNUSED_VARIABLE = YES;
				IPHONEOS_DEPLOYMENT_TARGET = 9.3;
				MTL_ENABLE_DEBUG_INFO = YES;
				ONLY_ACTIVE_ARCH = YES;
				SDKROOT = iphoneos;
			};
			name = Debug;
		};
		4BE4D6801D1E296300CC4624 /* Release */ = {
			isa = XCBuildConfiguration;
			buildSettings = {
				ALWAYS_SEARCH_USER_PATHS = NO;
				CLANG_ANALYZER_NONNULL = YES;
				CLANG_CXX_LANGUAGE_STANDARD = "gnu++0x";
				CLANG_CXX_LIBRARY = "libc++";
				CLANG_ENABLE_MODULES = YES;
				CLANG_ENABLE_OBJC_ARC = YES;
				CLANG_WARN_BOOL_CONVERSION = YES;
				CLANG_WARN_CONSTANT_CONVERSION = YES;
				CLANG_WARN_DIRECT_OBJC_ISA_USAGE = YES_ERROR;
				CLANG_WARN_EMPTY_BODY = YES;
				CLANG_WARN_ENUM_CONVERSION = YES;
				CLANG_WARN_INT_CONVERSION = YES;
				CLANG_WARN_OBJC_ROOT_CLASS = YES_ERROR;
				CLANG_WARN_UNREACHABLE_CODE = YES;
				CLANG_WARN__DUPLICATE_METHOD_MATCH = YES;
				"CODE_SIGN_IDENTITY[sdk=iphoneos*]" = "iPhone Developer";
				COPY_PHASE_STRIP = NO;
				DEBUG_INFORMATION_FORMAT = "dwarf-with-dsym";
				ENABLE_NS_ASSERTIONS = NO;
				ENABLE_STRICT_OBJC_MSGSEND = YES;
				GCC_C_LANGUAGE_STANDARD = gnu99;
				GCC_NO_COMMON_BLOCKS = YES;
				GCC_WARN_64_TO_32_BIT_CONVERSION = YES;
				GCC_WARN_ABOUT_RETURN_TYPE = YES_ERROR;
				GCC_WARN_UNDECLARED_SELECTOR = YES;
				GCC_WARN_UNINITIALIZED_AUTOS = YES_AGGRESSIVE;
				GCC_WARN_UNUSED_FUNCTION = YES;
				GCC_WARN_UNUSED_VARIABLE = YES;
				IPHONEOS_DEPLOYMENT_TARGET = 9.3;
				MTL_ENABLE_DEBUG_INFO = NO;
				SDKROOT = iphoneos;
				VALIDATE_PRODUCT = YES;
			};
			name = Release;
		};
		4BE4D6821D1E296300CC4624 /* Debug */ = {
			isa = XCBuildConfiguration;
			buildSettings = {
				ASSETCATALOG_COMPILER_APPICON_NAME = AppIcon;
				DEVELOPMENT_TEAM = 8X3PW6P5H6;
				INFOPLIST_FILE = XHNetworkCacheExample/Info.plist;
				LD_RUNPATH_SEARCH_PATHS = "$(inherited) @executable_path/Frameworks";
				PRODUCT_BUNDLE_IDENTIFIER = com.it7090.XHNetworkCacheExample;
				PRODUCT_NAME = "$(TARGET_NAME)";
			};
			name = Debug;
		};
		4BE4D6831D1E296300CC4624 /* Release */ = {
			isa = XCBuildConfiguration;
			buildSettings = {
				ASSETCATALOG_COMPILER_APPICON_NAME = AppIcon;
				DEVELOPMENT_TEAM = 8X3PW6P5H6;
				INFOPLIST_FILE = XHNetworkCacheExample/Info.plist;
				LD_RUNPATH_SEARCH_PATHS = "$(inherited) @executable_path/Frameworks";
				PRODUCT_BUNDLE_IDENTIFIER = com.it7090.XHNetworkCacheExample;
				PRODUCT_NAME = "$(TARGET_NAME)";
			};
			name = Release;
		};
/* End XCBuildConfiguration section */

/* Begin XCConfigurationList section */
		4BE4D66B1D1E296300CC4624 /* Build configuration list for PBXProject "XHNetworkCacheExample" */ = {
			isa = XCConfigurationList;
			buildConfigurations = (
				4BE4D67F1D1E296300CC4624 /* Debug */,
				4BE4D6801D1E296300CC4624 /* Release */,
			);
			defaultConfigurationIsVisible = 0;
			defaultConfigurationName = Release;
		};
		4BE4D6811D1E296300CC4624 /* Build configuration list for PBXNativeTarget "XHNetworkCacheExample" */ = {
			isa = XCConfigurationList;
			buildConfigurations = (
				4BE4D6821D1E296300CC4624 /* Debug */,
				4BE4D6831D1E296300CC4624 /* Release */,
			);
			defaultConfigurationIsVisible = 0;
			defaultConfigurationName = Release;
		};
/* End XCConfigurationList section */
	};
	rootObject = 4BE4D6681D1E296300CC4624 /* Project object */;
}
